
Microsoft Visual Studio Solution File, Format Version 12.00
Project("{2150E333-8FDC-42A3-9474-1A3956D46DE8}") = "src", "src", "{95141BA2-D0ED-4849-8C8E-875F68C5B77F}"
EndProject
Project("{2150E333-8FDC-42A3-9474-1A3956D46DE8}") = "Services", "Services", "{E1B1A05A-AF70-42FE-9AD6-DE371A046A27}"
EndProject
Project("{2150E333-8FDC-42A3-9474-1A3956D46DE8}") = "tests", "tests", "{C83EA904-33C1-40EF-BE6A-18F76AE9846E}"
EndProject
Project("{FAE04EC0-301F-11D3-BF4B-00C04F79EFBC}") = "ShopApp.Addresses.Service", "src\Services\ShopApp.Addresses.Service\ShopApp.Addresses.Service.csproj", "{AEB22822-824C-4868-A9D0-BE57D557FAE3}"
EndProject
Project("{FAE04EC0-301F-11D3-BF4B-00C04F79EFBC}") = "ShopApp.Users.Service", "src\Services\ShopApp.Users.Service\ShopApp.Users.Service.csproj", "{1AE30BAA-EA36-4822-8DFB-4A9A09C69202}"
EndProject
Project("{FAE04EC0-301F-11D3-BF4B-00C04F79EFBC}") = "ShopApp.Products.Service", "src\Services\ShopApp.Products.Service\ShopApp.Products.Service.csproj", "{4B6F1965-EFEE-4B9C-BECE-4D1569B55998}"
EndProject
Project("{FAE04EC0-301F-11D3-BF4B-00C04F79EFBC}") = "ShopApp.Orders.Service", "src\Services\ShopApp.Orders.Service\ShopApp.Orders.Service.csproj", "{8757F795-49AA-438F-8749-81329C4BCE29}"
EndProject
Project("{2150E333-8FDC-42A3-9474-1A3956D46DE8}") = "Shared", "Shared", "{57C7EAD6-D440-4774-BFF3-5B48046618AB}"
EndProject
Project("{FAE04EC0-301F-11D3-BF4B-00C04F79EFBC}") = "ShopApp.Shared.Library", "src\Shared\ShopApp.Shared.Library\ShopApp.Shared.Library.csproj", "{2A980855-46A5-4864-B0C6-A84A415B4AB2}"
EndProject
Project("{2150E333-8FDC-42A3-9474-1A3956D46DE8}") = "APIs", "APIs", "{9E627A8B-AD13-4C60-8167-3A3090422253}"
EndProject
Project("{FAE04EC0-301F-11D3-BF4B-00C04F79EFBC}") = "ShopApp.Gateway.API", "src\APIs\ShopApp.Gateway.API\ShopApp.Gateway.API.csproj", "{F8896143-5716-4D04-B131-AF3D9BB93B8B}"
EndProject
Global
	GlobalSection(SolutionConfigurationPlatforms) = preSolution
		Debug|Any CPU = Debug|Any CPU
		Debug|x64 = Debug|x64
		Debug|x86 = Debug|x86
		Release|Any CPU = Release|Any CPU
		Release|x64 = Release|x64
		Release|x86 = Release|x86
	EndGlobalSection
	GlobalSection(ProjectConfigurationPlatforms) = postSolution
		{AEB22822-824C-4868-A9D0-BE57D557FAE3}.Debug|Any CPU.ActiveCfg = Debug|Any CPU
		{AEB22822-824C-4868-A9D0-BE57D557FAE3}.Debug|Any CPU.Build.0 = Debug|Any CPU
		{AEB22822-824C-4868-A9D0-BE57D557FAE3}.Debug|x64.ActiveCfg = Debug|Any CPU
		{AEB22822-824C-4868-A9D0-BE57D557FAE3}.Debug|x64.Build.0 = Debug|Any CPU
		{AEB22822-824C-4868-A9D0-BE57D557FAE3}.Debug|x86.ActiveCfg = Debug|Any CPU
		{AEB22822-824C-4868-A9D0-BE57D557FAE3}.Debug|x86.Build.0 = Debug|Any CPU
		{AEB22822-824C-4868-A9D0-BE57D557FAE3}.Release|Any CPU.ActiveCfg = Release|Any CPU
		{AEB22822-824C-4868-A9D0-BE57D557FAE3}.Release|Any CPU.Build.0 = Release|Any CPU
		{AEB22822-824C-4868-A9D0-BE57D557FAE3}.Release|x64.ActiveCfg = Release|Any CPU
		{AEB22822-824C-4868-A9D0-BE57D557FAE3}.Release|x64.Build.0 = Release|Any CPU
		{AEB22822-824C-4868-A9D0-BE57D557FAE3}.Release|x86.ActiveCfg = Release|Any CPU
		{AEB22822-824C-4868-A9D0-BE57D557FAE3}.Release|x86.Build.0 = Release|Any CPU
		{1AE30BAA-EA36-4822-8DFB-4A9A09C69202}.Debug|Any CPU.ActiveCfg = Debug|Any CPU
		{1AE30BAA-EA36-4822-8DFB-4A9A09C69202}.Debug|Any CPU.Build.0 = Debug|Any CPU
		{1AE30BAA-EA36-4822-8DFB-4A9A09C69202}.Debug|x64.ActiveCfg = Debug|Any CPU
		{1AE30BAA-EA36-4822-8DFB-4A9A09C69202}.Debug|x64.Build.0 = Debug|Any CPU
		{1AE30BAA-EA36-4822-8DFB-4A9A09C69202}.Debug|x86.ActiveCfg = Debug|Any CPU
		{1AE30BAA-EA36-4822-8DFB-4A9A09C69202}.Debug|x86.Build.0 = Debug|Any CPU
		{1AE30BAA-EA36-4822-8DFB-4A9A09C69202}.Release|Any CPU.ActiveCfg = Release|Any CPU
		{1AE30BAA-EA36-4822-8DFB-4A9A09C69202}.Release|Any CPU.Build.0 = Release|Any CPU
		{1AE30BAA-EA36-4822-8DFB-4A9A09C69202}.Release|x64.ActiveCfg = Release|Any CPU
		{1AE30BAA-EA36-4822-8DFB-4A9A09C69202}.Release|x64.Build.0 = Release|Any CPU
		{1AE30BAA-EA36-4822-8DFB-4A9A09C69202}.Release|x86.ActiveCfg = Release|Any CPU
		{1AE30BAA-EA36-4822-8DFB-4A9A09C69202}.Release|x86.Build.0 = Release|Any CPU
		{4B6F1965-EFEE-4B9C-BECE-4D1569B55998}.Debug|Any CPU.ActiveCfg = Debug|Any CPU
		{4B6F1965-EFEE-4B9C-BECE-4D1569B55998}.Debug|Any CPU.Build.0 = Debug|Any CPU
		{4B6F1965-EFEE-4B9C-BECE-4D1569B55998}.Debug|x64.ActiveCfg = Debug|Any CPU
		{4B6F1965-EFEE-4B9C-BECE-4D1569B55998}.Debug|x64.Build.0 = Debug|Any CPU
		{4B6F1965-EFEE-4B9C-BECE-4D1569B55998}.Debug|x86.ActiveCfg = Debug|Any CPU
		{4B6F1965-EFEE-4B9C-BECE-4D1569B55998}.Debug|x86.Build.0 = Debug|Any CPU
		{4B6F1965-EFEE-4B9C-BECE-4D1569B55998}.Release|Any CPU.ActiveCfg = Release|Any CPU
		{4B6F1965-EFEE-4B9C-BECE-4D1569B55998}.Release|Any CPU.Build.0 = Release|Any CPU
		{4B6F1965-EFEE-4B9C-BECE-4D1569B55998}.Release|x64.ActiveCfg = Release|Any CPU
		{4B6F1965-EFEE-4B9C-BECE-4D1569B55998}.Release|x64.Build.0 = Release|Any CPU
		{4B6F1965-EFEE-4B9C-BECE-4D1569B55998}.Release|x86.ActiveCfg = Release|Any CPU
		{4B6F1965-EFEE-4B9C-BECE-4D1569B55998}.Release|x86.Build.0 = Release|Any CPU
		{8757F795-49AA-438F-8749-81329C4BCE29}.Debug|Any CPU.ActiveCfg = Debug|Any CPU
		{8757F795-49AA-438F-8749-81329C4BCE29}.Debug|Any CPU.Build.0 = Debug|Any CPU
		{8757F795-49AA-438F-8749-81329C4BCE29}.Debug|x64.ActiveCfg = Debug|Any CPU
		{8757F795-49AA-438F-8749-81329C4BCE29}.Debug|x64.Build.0 = Debug|Any CPU
		{8757F795-49AA-438F-8749-81329C4BCE29}.Debug|x86.ActiveCfg = Debug|Any CPU
		{8757F795-49AA-438F-8749-81329C4BCE29}.Debug|x86.Build.0 = Debug|Any CPU
		{8757F795-49AA-438F-8749-81329C4BCE29}.Release|Any CPU.ActiveCfg = Release|Any CPU
		{8757F795-49AA-438F-8749-81329C4BCE29}.Release|Any CPU.Build.0 = Release|Any CPU
		{8757F795-49AA-438F-8749-81329C4BCE29}.Release|x64.ActiveCfg = Release|Any CPU
		{8757F795-49AA-438F-8749-81329C4BCE29}.Release|x64.Build.0 = Release|Any CPU
		{8757F795-49AA-438F-8749-81329C4BCE29}.Release|x86.ActiveCfg = Release|Any CPU
		{8757F795-49AA-438F-8749-81329C4BCE29}.Release|x86.Build.0 = Release|Any CPU
		{2A980855-46A5-4864-B0C6-A84A415B4AB2}.Debug|Any CPU.ActiveCfg = Debug|Any CPU
		{2A980855-46A5-4864-B0C6-A84A415B4AB2}.Debug|Any CPU.Build.0 = Debug|Any CPU
		{2A980855-46A5-4864-B0C6-A84A415B4AB2}.Debug|x64.ActiveCfg = Debug|Any CPU
		{2A980855-46A5-4864-B0C6-A84A415B4AB2}.Debug|x64.Build.0 = Debug|Any CPU
		{2A980855-46A5-4864-B0C6-A84A415B4AB2}.Debug|x86.ActiveCfg = Debug|Any CPU
		{2A980855-46A5-4864-B0C6-A84A415B4AB2}.Debug|x86.Build.0 = Debug|Any CPU
		{2A980855-46A5-4864-B0C6-A84A415B4AB2}.Release|Any CPU.ActiveCfg = Release|Any CPU
		{2A980855-46A5-4864-B0C6-A84A415B4AB2}.Release|Any CPU.Build.0 = Release|Any CPU
		{2A980855-46A5-4864-B0C6-A84A415B4AB2}.Release|x64.ActiveCfg = Release|Any CPU
		{2A980855-46A5-4864-B0C6-A84A415B4AB2}.Release|x64.Build.0 = Release|Any CPU
		{2A980855-46A5-4864-B0C6-A84A415B4AB2}.Release|x86.ActiveCfg = Release|Any CPU
		{2A980855-46A5-4864-B0C6-A84A415B4AB2}.Release|x86.Build.0 = Release|Any CPU
		{F8896143-5716-4D04-B131-AF3D9BB93B8B}.Debug|Any CPU.ActiveCfg = Debug|Any CPU
		{F8896143-5716-4D04-B131-AF3D9BB93B8B}.Debug|Any CPU.Build.0 = Debug|Any CPU
		{F8896143-5716-4D04-B131-AF3D9BB93B8B}.Debug|x64.ActiveCfg = Debug|Any CPU
		{F8896143-5716-4D04-B131-AF3D9BB93B8B}.Debug|x64.Build.0 = Debug|Any CPU
		{F8896143-5716-4D04-B131-AF3D9BB93B8B}.Debug|x86.ActiveCfg = Debug|Any CPU
		{F8896143-5716-4D04-B131-AF3D9BB93B8B}.Debug|x86.Build.0 = Debug|Any CPU
		{F8896143-5716-4D04-B131-AF3D9BB93B8B}.Release|Any CPU.ActiveCfg = Release|Any CPU
		{F8896143-5716-4D04-B131-AF3D9BB93B8B}.Release|Any CPU.Build.0 = Release|Any CPU
		{F8896143-5716-4D04-B131-AF3D9BB93B8B}.Release|x64.ActiveCfg = Release|Any CPU
		{F8896143-5716-4D04-B131-AF3D9BB93B8B}.Release|x64.Build.0 = Release|Any CPU
		{F8896143-5716-4D04-B131-AF3D9BB93B8B}.Release|x86.ActiveCfg = Release|Any CPU
		{F8896143-5716-4D04-B131-AF3D9BB93B8B}.Release|x86.Build.0 = Release|Any CPU
	EndGlobalSection
	GlobalSection(SolutionProperties) = preSolution
		HideSolutionNode = FALSE
	EndGlobalSection
	GlobalSection(NestedProjects) = preSolution
		{E1B1A05A-AF70-42FE-9AD6-DE371A046A27} = {95141BA2-D0ED-4849-8C8E-875F68C5B77F}
		{AEB22822-824C-4868-A9D0-BE57D557FAE3} = {E1B1A05A-AF70-42FE-9AD6-DE371A046A27}
		{1AE30BAA-EA36-4822-8DFB-4A9A09C69202} = {E1B1A05A-AF70-42FE-9AD6-DE371A046A27}
		{4B6F1965-EFEE-4B9C-BECE-4D1569B55998} = {E1B1A05A-AF70-42FE-9AD6-DE371A046A27}
		{8757F795-49AA-438F-8749-81329C4BCE29} = {E1B1A05A-AF70-42FE-9AD6-DE371A046A27}
		{57C7EAD6-D440-4774-BFF3-5B48046618AB} = {95141BA2-D0ED-4849-8C8E-875F68C5B77F}
		{2A980855-46A5-4864-B0C6-A84A415B4AB2} = {57C7EAD6-D440-4774-BFF3-5B48046618AB}
		{9E627A8B-AD13-4C60-8167-3A3090422253} = {95141BA2-D0ED-4849-8C8E-875F68C5B77F}
		{F8896143-5716-4D04-B131-AF3D9BB93B8B} = {9E627A8B-AD13-4C60-8167-3A3090422253}
	EndGlobalSection
EndGlobal
